{
  "name": "ssb-keys",
  "version": "7.0.13",
  "lockfileVersion": 1,
  "requires": true,
  "dependencies": {
    "chloride": {
      "version": "2.2.8",
      "resolved": "https://registry.npmjs.org/chloride/-/chloride-2.2.8.tgz",
      "integrity": "sha1-6/mos8qJp0R8NgOW2t+BfIqY1Zk=",
      "requires": {
        "is-electron": "2.1.0",
        "sodium-browserify": "1.2.1",
        "sodium-browserify-tweetnacl": "0.2.3",
        "sodium-chloride": "1.1.0",
        "sodium-native": "2.1.3"
      }
    },
    "chloride-test": {
      "version": "1.2.2",
      "resolved": "https://registry.npmjs.org/chloride-test/-/chloride-test-1.2.2.tgz",
      "integrity": "sha1-F4aGqF6SeARREulujHkXk/mhCuo=",
      "requires": {
        "json-buffer": "2.0.11"
      }
    },
    "deep-equal": {
      "version": "0.2.2",
      "resolved": "https://registry.npmjs.org/deep-equal/-/deep-equal-0.2.2.tgz",
      "integrity": "sha1-hLdFiW80xoTpjyzg5Cq69Du6AX0=",
      "dev": true
    },
    "ed2curve": {
      "version": "0.1.4",
      "resolved": "https://registry.npmjs.org/ed2curve/-/ed2curve-0.1.4.tgz",
      "integrity": "sha1-lKRCSLuH2jXbDv968KpXYWgRf1k=",
      "requires": {
        "tweetnacl": "0.14.5"
      }
    },
    "inherits": {
      "version": "2.0.1",
      "resolved": "https://registry.npmjs.org/inherits/-/inherits-2.0.1.tgz",
      "integrity": "sha1-sX0I0ya0Qj5Wjv9xn5GwscvfafE="
    },
    "ini": {
      "version": "1.3.5",
      "resolved": "https://registry.npmjs.org/ini/-/ini-1.3.5.tgz",
      "integrity": "sha512-RZY5huIKCMRWDUqZlEi72f/lmXKMvuszcMBduliQ3nnWbx9X/ZBQO7DijMEYS9EhHBb2qacRUMtC7svLwe0lcw==",
      "optional": true
    },
    "is-electron": {
      "version": "2.1.0",
      "resolved": "https://registry.npmjs.org/is-electron/-/is-electron-2.1.0.tgz",
      "integrity": "sha512-dkg5xT383+M6zIbbXW/z7n2nz4SFUi2OSyhntnFYkRdtV+HVEfdjEK+5AWisfYgkpe3WYjTIuh7toaKmSfFVWw=="
    },
    "json-buffer": {
      "version": "2.0.11",
      "resolved": "https://registry.npmjs.org/json-buffer/-/json-buffer-2.0.11.tgz",
      "integrity": "sha1-PkQf2jCYvo0eMXGtWRvGKjPi1V8="
    },
    "libsodium": {
      "version": "0.2.12",
      "resolved": "https://registry.npmjs.org/libsodium/-/libsodium-0.2.12.tgz",
      "integrity": "sha1-gwg1ZNzwicuCpQNb6Sul0iSizN4="
    },
    "libsodium-wrappers": {
      "version": "0.2.12",
      "resolved": "https://registry.npmjs.org/libsodium-wrappers/-/libsodium-wrappers-0.2.12.tgz",
      "integrity": "sha1-UftQd0uO3FF5J7MHuBKkbDpGfh4=",
      "requires": {
        "libsodium": "0.2.12"
      }
    },
    "mkdirp": {
      "version": "0.5.1",
      "resolved": "https://registry.npmjs.org/mkdirp/-/mkdirp-0.5.1.tgz",
      "integrity": "sha1-MAV0OOrGz3+MR2fzhkjWaX11yQM=",
      "requires": {
        "minimist": "0.0.8"
      },
      "dependencies": {
        "minimist": {
          "version": "0.0.8",
          "resolved": "https://registry.npmjs.org/minimist/-/minimist-0.0.8.tgz",
          "integrity": "sha1-hX/Kv8M5fSYluCKCYuhqp6ARsF0="
        }
      }
    },
    "nan": {
      "version": "2.6.2",
      "resolved": "https://registry.npmjs.org/nan/-/nan-2.6.2.tgz",
      "integrity": "sha1-5P805slf37WuzAjeZZb0NgWn20U=",
      "optional": true
    },
    "node-gyp-build": {
      "version": "3.2.2",
      "resolved": "https://registry.npmjs.org/node-gyp-build/-/node-gyp-build-3.2.2.tgz",
      "integrity": "sha512-t8W/0UqFGl1c+5ORA3NoT3npU+PxWBL9iPhY7ZySSTszodj3RWexmu8niayWBE0v+0DLARvOXsjaAvfmSEQOyQ==",
      "optional": true
    },
    "private-box": {
      "version": "0.2.1",
      "resolved": "https://registry.npmjs.org/private-box/-/private-box-0.2.1.tgz",
      "integrity": "sha1-HfBhr8pbMDnH/qrdDa8PVvB+PsA=",
      "requires": {
        "chloride": "2.2.8"
      }
    },
    "sha.js": {
      "version": "2.4.5",
      "resolved": "https://registry.npmjs.org/sha.js/-/sha.js-2.4.5.tgz",
      "integrity": "sha1-J9Fx78yCoRi5ljn/WBZgJCtQbnw=",
      "requires": {
        "inherits": "2.0.1"
      }
    },
    "sodium-browserify": {
      "version": "1.2.1",
      "resolved": "https://registry.npmjs.org/sodium-browserify/-/sodium-browserify-1.2.1.tgz",
      "integrity": "sha1-sLVZyjaYFnkIUhSFXiZkXfZ6rxw=",
      "requires": {
        "libsodium-wrappers": "0.2.12",
        "sha.js": "2.4.5",
        "tweetnacl": "0.14.5"
      }
    },
    "sodium-browserify-tweetnacl": {
      "version": "0.2.3",
      "resolved": "https://registry.npmjs.org/sodium-browserify-tweetnacl/-/sodium-browserify-tweetnacl-0.2.3.tgz",
      "integrity": "sha1-tVN//LufdOvEQ7i2ohGykej8vI4=",
      "requires": {
        "chloride-test": "1.2.2",
        "ed2curve": "0.1.4",
        "sha.js": "2.4.8",
        "tweetnacl": "0.14.5",
        "tweetnacl-auth": "0.3.1"
      },
      "dependencies": {
        "sha.js": {
          "version": "2.4.8",
          "resolved": "https://registry.npmjs.org/sha.js/-/sha.js-2.4.8.tgz",
          "integrity": "sha1-NwaMLEdra69ALRSknGf1l5IfY08=",
          "requires": {
            "inherits": "2.0.1"
          }
        }
      }
    },
    "sodium-chloride": {
      "version": "1.1.0",
      "resolved": "https://registry.npmjs.org/sodium-chloride/-/sodium-chloride-1.1.0.tgz",
      "integrity": "sha1-JHojS4iGf23/UTMrYF8ZOmW/aDk="
    },
    "sodium-native": {
      "version": "2.1.3",
      "resolved": "https://registry.npmjs.org/sodium-native/-/sodium-native-2.1.3.tgz",
      "integrity": "sha512-BLZAiHgr1YPD+D50QpbaPGTNzEu5ozJjMgZhpjMJEijherL3u4vNAhgpRJX7Uuypfo9MCdbcB0fguXFijngWzg==",
      "optional": true,
      "requires": {
        "ini": "1.3.5",
        "nan": "2.6.2",
        "node-gyp-build": "3.2.2"
      }
    },
    "tape": {
      "version": "3.5.0",
      "resolved": "https://registry.npmjs.org/tape/-/tape-3.5.0.tgz",
      "integrity": "sha1-rrsGE4gQStDLQHvoQnggSdZGJPg=",
      "dev": true,
      "requires": {
        "deep-equal": "0.2.2",
        "defined": "0.0.0",
        "glob": "3.2.11",
        "inherits": "2.0.1",
        "object-inspect": "0.4.0",
        "resumer": "0.0.0",
        "through": "2.3.8"
      },
      "dependencies": {
        "defined": {
          "version": "0.0.0",
          "resolved": "https://registry.npmjs.org/defined/-/defined-0.0.0.tgz",
          "integrity": "sha1-817qfXBekzuvE7LwOz+D2SFAOz4=",
          "dev": true
        },
        "glob": {
          "version": "3.2.11",
          "resolved": "https://registry.npmjs.org/glob/-/glob-3.2.11.tgz",
          "integrity": "sha1-Spc/Y1uRkPcV0QmH1cAP0oFevj0=",
          "dev": true,
          "requires": {
            "inherits": "2.0.1",
            "minimatch": "0.3.0"
          },
          "dependencies": {
            "minimatch": {
              "version": "0.3.0",
              "resolved": "https://registry.npmjs.org/minimatch/-/minimatch-0.3.0.tgz",
              "integrity": "sha1-J12O2qxPG7MyZHIInnlJyDlGmd0=",
              "dev": true,
              "requires": {
                "lru-cache": "2.7.3",
                "sigmund": "1.0.1"
              },
              "dependencies": {
                "lru-cache": {
                  "version": "2.7.3",
                  "resolved": "https://registry.npmjs.org/lru-cache/-/lru-cache-2.7.3.tgz",
                  "integrity": "sha1-bUUk6LlV+V1PW1iFHOId1y+06VI=",
                  "dev": true
                },
                "sigmund": {
                  "version": "1.0.1",
                  "resolved": "https://registry.npmjs.org/sigmund/-/sigmund-1.0.1.tgz",
                  "integrity": "sha1-P/IfGYytIXX587eBhT/ZTQ0ZtZA=",
                  "dev": true
                }
              }
            }
          }
        },
        "inherits": {
          "version": "2.0.1",
          "resolved": "https://registry.npmjs.org/inherits/-/inherits-2.0.1.tgz",
          "integrity": "sha1-sX0I0ya0Qj5Wjv9xn5GwscvfafE=",
          "dev": true
        },
        "object-inspect": {
          "version": "0.4.0",
          "resolved": "https://registry.npmjs.org/object-inspect/-/object-inspect-0.4.0.tgz",
          "integrity": "sha1-9RV8EWwUVbJDsG7pdwM5LFrYn+w=",
          "dev": true
        },
        "resumer": {
          "version": "0.0.0",
          "resolved": "https://registry.npmjs.org/resumer/-/resumer-0.0.0.tgz",
          "integrity": "sha1-8ej0YeQGS6Oegq883CqMiT0HZ1k=",
          "dev": true,
          "requires": {
            "through": "2.3.8"
          }
        },
        "through": {
          "version": "2.3.8",
          "resolved": "https://registry.npmjs.org/through/-/through-2.3.8.tgz",
          "integrity": "sha1-DdTJ/6q8NXlgsbckEV1+Doai4fU=",
          "dev": true
        }
      }
    },
    "tweetnacl": {
      "version": "0.14.5",
      "resolved": "https://registry.npmjs.org/tweetnacl/-/tweetnacl-0.14.5.tgz",
      "integrity": "sha1-WuaBd/GS1EViadEIr6k/+HQ/T2Q="
    },
    "tweetnacl-auth": {
      "version": "0.3.1",
      "resolved": "https://registry.npmjs.org/tweetnacl-auth/-/tweetnacl-auth-0.3.1.tgz",
      "integrity": "sha1-t1vC3xVkm7hOi5qjwGacbEvODSU=",
      "requires": {
        "tweetnacl": "0.14.5"
      }
    }
  }
}
